
Microsoft Visual Studio Solution File, Format Version 12.00
# Visual Studio 15
VisualStudioVersion = 15.0.27428.2011
MinimumVisualStudioVersion = 10.0.40219.1
Project("{FAE04EC0-301F-11D3-BF4B-00C04F79EFBC}") = "PetsReport", "ConsoleApp1\PetsReport.csproj", "{5596D6FE-D839-42E5-AA25-85129621F8C2}"
EndProject
Global
	GlobalSection(SolutionConfigurationPlatforms) = preSolution
		Debug|Any CPU = Debug|Any CPU
		Release|Any CPU = Release|Any CPU
	EndGlobalSection
	GlobalSection(ProjectConfigurationPlatforms) = postSolution
		{5596D6FE-D839-42E5-AA25-85129621F8C2}.Debug|Any CPU.ActiveCfg = Debug|Any CPU
		{5596D6FE-D839-42E5-AA25-85129621F8C2}.Debug|Any CPU.Build.0 = Debug|Any CPU
		{5596D6FE-D839-42E5-AA25-85129621F8C2}.Release|Any CPU.ActiveCfg = Release|Any CPU
		{5596D6FE-D839-42E5-AA25-85129621F8C2}.Release|Any CPU.Build.0 = Release|Any CPU
	EndGlobalSection
	GlobalSection(SolutionProperties) = preSolution
		HideSolutionNode = FALSE
	EndGlobalSection
	GlobalSection(ExtensibilityGlobals) = postSolution
		SolutionGuid = {B7A272BA-5260-43A5-B138-87052E158945}
	EndGlobalSection
EndGlobal
